
Microsoft Visual Studio Solution File, Format Version 12.00
# Visual Studio 14
VisualStudioVersion = 14.0.25420.1
MinimumVisualStudioVersion = 10.0.40219.1
Project("{FAE04EC0-301F-11D3-BF4B-00C04F79EFBC}") = "ControleCorrida.Android", "ControleCorrida\ControleCorrida.Android\ControleCorrida.Android.csproj", "{5A167206-BC3B-4C28-85B3-DFF30DA3F852}"
EndProject
Project("{FAE04EC0-301F-11D3-BF4B-00C04F79EFBC}") = "ControleCorrida", "ControleCorrida\ControleCorrida\ControleCorrida.csproj", "{E1744406-1BA2-4B36-A834-02578182C349}"
EndProject
Project("{FAE04EC0-301F-11D3-BF4B-00C04F79EFBC}") = "ControleCorrida.UWP", "ControleCorrida\ControleCorrida.UWP\ControleCorrida.UWP.csproj", "{4DC01671-BD39-4B4C-9CCE-4E5ECBBF3373}"
EndProject
Project("{FAE04EC0-301F-11D3-BF4B-00C04F79EFBC}") = "ControleCorrida.iOS", "ControleCorrida\ControleCorrida.iOS\ControleCorrida.iOS.csproj", "{3D685298-E1E8-43A4-B1D1-423BE6228A0F}"
EndProject
Global
	GlobalSection(SolutionConfigurationPlatforms) = preSolution
		Ad-Hoc|Any CPU = Ad-Hoc|Any CPU
		Ad-Hoc|ARM = Ad-Hoc|ARM
		Ad-Hoc|iPhone = Ad-Hoc|iPhone
		Ad-Hoc|iPhoneSimulator = Ad-Hoc|iPhoneSimulator
		Ad-Hoc|x64 = Ad-Hoc|x64
		Ad-Hoc|x86 = Ad-Hoc|x86
		AppStore|Any CPU = AppStore|Any CPU
		AppStore|ARM = AppStore|ARM
		AppStore|iPhone = AppStore|iPhone
		AppStore|iPhoneSimulator = AppStore|iPhoneSimulator
		AppStore|x64 = AppStore|x64
		AppStore|x86 = AppStore|x86
		Debug|Any CPU = Debug|Any CPU
		Debug|ARM = Debug|ARM
		Debug|iPhone = Debug|iPhone
		Debug|iPhoneSimulator = Debug|iPhoneSimulator
		Debug|x64 = Debug|x64
		Debug|x86 = Debug|x86
		Release|Any CPU = Release|Any CPU
		Release|ARM = Release|ARM
		Release|iPhone = Release|iPhone
		Release|iPhoneSimulator = Release|iPhoneSimulator
		Release|x64 = Release|x64
		Release|x86 = Release|x86
	EndGlobalSection
	GlobalSection(ProjectConfigurationPlatforms) = postSolution
		{5A167206-BC3B-4C28-85B3-DFF30DA3F852}.Ad-Hoc|Any CPU.ActiveCfg = Release|Any CPU
		{5A167206-BC3B-4C28-85B3-DFF30DA3F852}.Ad-Hoc|Any CPU.Build.0 = Release|Any CPU
		{5A167206-BC3B-4C28-85B3-DFF30DA3F852}.Ad-Hoc|Any CPU.Deploy.0 = Release|Any CPU
		{5A167206-BC3B-4C28-85B3-DFF30DA3F852}.Ad-Hoc|ARM.ActiveCfg = Release|Any CPU
		{5A167206-BC3B-4C28-85B3-DFF30DA3F852}.Ad-Hoc|ARM.Build.0 = Release|Any CPU
		{5A167206-BC3B-4C28-85B3-DFF30DA3F852}.Ad-Hoc|ARM.Deploy.0 = Release|Any CPU
		{5A167206-BC3B-4C28-85B3-DFF30DA3F852}.Ad-Hoc|iPhone.ActiveCfg = Release|Any CPU
		{5A167206-BC3B-4C28-85B3-DFF30DA3F852}.Ad-Hoc|iPhone.Build.0 = Release|Any CPU
		{5A167206-BC3B-4C28-85B3-DFF30DA3F852}.Ad-Hoc|iPhone.Deploy.0 = Release|Any CPU
		{5A167206-BC3B-4C28-85B3-DFF30DA3F852}.Ad-Hoc|iPhoneSimulator.ActiveCfg = Release|Any CPU
		{5A167206-BC3B-4C28-85B3-DFF30DA3F852}.Ad-Hoc|iPhoneSimulator.Build.0 = Release|Any CPU
		{5A167206-BC3B-4C28-85B3-DFF30DA3F852}.Ad-Hoc|iPhoneSimulator.Deploy.0 = Release|Any CPU
		{5A167206-BC3B-4C28-85B3-DFF30DA3F852}.Ad-Hoc|x64.ActiveCfg = Release|Any CPU
		{5A167206-BC3B-4C28-85B3-DFF30DA3F852}.Ad-Hoc|x64.Build.0 = Release|Any CPU
		{5A167206-BC3B-4C28-85B3-DFF30DA3F852}.Ad-Hoc|x64.Deploy.0 = Release|Any CPU
		{5A167206-BC3B-4C28-85B3-DFF30DA3F852}.Ad-Hoc|x86.ActiveCfg = Release|Any CPU
		{5A167206-BC3B-4C28-85B3-DFF30DA3F852}.Ad-Hoc|x86.Build.0 = Release|Any CPU
		{5A167206-BC3B-4C28-85B3-DFF30DA3F852}.Ad-Hoc|x86.Deploy.0 = Release|Any CPU
		{5A167206-BC3B-4C28-85B3-DFF30DA3F852}.AppStore|Any CPU.ActiveCfg = Release|Any CPU
		{5A167206-BC3B-4C28-85B3-DFF30DA3F852}.AppStore|Any CPU.Build.0 = Release|Any CPU
		{5A167206-BC3B-4C28-85B3-DFF30DA3F852}.AppStore|Any CPU.Deploy.0 = Release|Any CPU
		{5A167206-BC3B-4C28-85B3-DFF30DA3F852}.AppStore|ARM.ActiveCfg = Release|Any CPU
		{5A167206-BC3B-4C28-85B3-DFF30DA3F852}.AppStore|ARM.Build.0 = Release|Any CPU
		{5A167206-BC3B-4C28-85B3-DFF30DA3F852}.AppStore|ARM.Deploy.0 = Release|Any CPU
		{5A167206-BC3B-4C28-85B3-DFF30DA3F852}.AppStore|iPhone.ActiveCfg = Release|Any CPU
		{5A167206-BC3B-4C28-85B3-DFF30DA3F852}.AppStore|iPhone.Build.0 = Release|Any CPU
		{5A167206-BC3B-4C28-85B3-DFF30DA3F852}.AppStore|iPhone.Deploy.0 = Release|Any CPU
		{5A167206-BC3B-4C28-85B3-DFF30DA3F852}.AppStore|iPhoneSimulator.ActiveCfg = Release|Any CPU
		{5A167206-BC3B-4C28-85B3-DFF30DA3F852}.AppStore|iPhoneSimulator.Build.0 = Release|Any CPU
		{5A167206-BC3B-4C28-85B3-DFF30DA3F852}.AppStore|iPhoneSimulator.Deploy.0 = Release|Any CPU
		{5A167206-BC3B-4C28-85B3-DFF30DA3F852}.AppStore|x64.ActiveCfg = Release|Any CPU
		{5A167206-BC3B-4C28-85B3-DFF30DA3F852}.AppStore|x64.Build.0 = Release|Any CPU
		{5A167206-BC3B-4C28-85B3-DFF30DA3F852}.AppStore|x64.Deploy.0 = Release|Any CPU
		{5A167206-BC3B-4C28-85B3-DFF30DA3F852}.AppStore|x86.ActiveCfg = Release|Any CPU
		{5A167206-BC3B-4C28-85B3-DFF30DA3F852}.AppStore|x86.Build.0 = Release|Any CPU
		{5A167206-BC3B-4C28-85B3-DFF30DA3F852}.AppStore|x86.Deploy.0 = Release|Any CPU
		{5A167206-BC3B-4C28-85B3-DFF30DA3F852}.Debug|Any CPU.ActiveCfg = Debug|Any CPU
		{5A167206-BC3B-4C28-85B3-DFF30DA3F852}.Debug|Any CPU.Build.0 = Debug|Any CPU
		{5A167206-BC3B-4C28-85B3-DFF30DA3F852}.Debug|Any CPU.Deploy.0 = Debug|Any CPU
		{5A167206-BC3B-4C28-85B3-DFF30DA3F852}.Debug|ARM.ActiveCfg = Debug|Any CPU
		{5A167206-BC3B-4C28-85B3-DFF30DA3F852}.Debug|ARM.Build.0 = Debug|Any CPU
		{5A167206-BC3B-4C28-85B3-DFF30DA3F852}.Debug|ARM.Deploy.0 = Debug|Any CPU
		{5A167206-BC3B-4C28-85B3-DFF30DA3F852}.Debug|iPhone.ActiveCfg = Debug|Any CPU
		{5A167206-BC3B-4C28-85B3-DFF30DA3F852}.Debug|iPhone.Build.0 = Debug|Any CPU
		{5A167206-BC3B-4C28-85B3-DFF30DA3F852}.Debug|iPhone.Deploy.0 = Debug|Any CPU
		{5A167206-BC3B-4C28-85B3-DFF30DA3F852}.Debug|iPhoneSimulator.ActiveCfg = Debug|Any CPU
		{5A167206-BC3B-4C28-85B3-DFF30DA3F852}.Debug|iPhoneSimulator.Build.0 = Debug|Any CPU
		{5A167206-BC3B-4C28-85B3-DFF30DA3F852}.Debug|iPhoneSimulator.Deploy.0 = Debug|Any CPU
		{5A167206-BC3B-4C28-85B3-DFF30DA3F852}.Debug|x64.ActiveCfg = Debug|Any CPU
		{5A167206-BC3B-4C28-85B3-DFF30DA3F852}.Debug|x64.Build.0 = Debug|Any CPU
		{5A167206-BC3B-4C28-85B3-DFF30DA3F852}.Debug|x64.Deploy.0 = Debug|Any CPU
		{5A167206-BC3B-4C28-85B3-DFF30DA3F852}.Debug|x86.ActiveCfg = Debug|Any CPU
		{5A167206-BC3B-4C28-85B3-DFF30DA3F852}.Debug|x86.Build.0 = Debug|Any CPU
		{5A167206-BC3B-4C28-85B3-DFF30DA3F852}.Debug|x86.Deploy.0 = Debug|Any CPU
		{5A167206-BC3B-4C28-85B3-DFF30DA3F852}.Release|Any CPU.ActiveCfg = Release|Any CPU
		{5A167206-BC3B-4C28-85B3-DFF30DA3F852}.Release|Any CPU.Build.0 = Release|Any CPU
		{5A167206-BC3B-4C28-85B3-DFF30DA3F852}.Release|Any CPU.Deploy.0 = Release|Any CPU
		{5A167206-BC3B-4C28-85B3-DFF30DA3F852}.Release|ARM.ActiveCfg = Release|Any CPU
		{5A167206-BC3B-4C28-85B3-DFF30DA3F852}.Release|ARM.Build.0 = Release|Any CPU
		{5A167206-BC3B-4C28-85B3-DFF30DA3F852}.Release|ARM.Deploy.0 = Release|Any CPU
		{5A167206-BC3B-4C28-85B3-DFF30DA3F852}.Release|iPhone.ActiveCfg = Release|Any CPU
		{5A167206-BC3B-4C28-85B3-DFF30DA3F852}.Release|iPhone.Build.0 = Release|Any CPU
		{5A167206-BC3B-4C28-85B3-DFF30DA3F852}.Release|iPhone.Deploy.0 = Release|Any CPU
		{5A167206-BC3B-4C28-85B3-DFF30DA3F852}.Release|iPhoneSimulator.ActiveCfg = Release|Any CPU
		{5A167206-BC3B-4C28-85B3-DFF30DA3F852}.Release|iPhoneSimulator.Build.0 = Release|Any CPU
		{5A167206-BC3B-4C28-85B3-DFF30DA3F852}.Release|iPhoneSimulator.Deploy.0 = Release|Any CPU
		{5A167206-BC3B-4C28-85B3-DFF30DA3F852}.Release|x64.ActiveCfg = Release|Any CPU
		{5A167206-BC3B-4C28-85B3-DFF30DA3F852}.Release|x64.Build.0 = Release|Any CPU
		{5A167206-BC3B-4C28-85B3-DFF30DA3F852}.Release|x64.Deploy.0 = Release|Any CPU
		{5A167206-BC3B-4C28-85B3-DFF30DA3F852}.Release|x86.ActiveCfg = Release|Any CPU
		{5A167206-BC3B-4C28-85B3-DFF30DA3F852}.Release|x86.Build.0 = Release|Any CPU
		{5A167206-BC3B-4C28-85B3-DFF30DA3F852}.Release|x86.Deploy.0 = Release|Any CPU
		{E1744406-1BA2-4B36-A834-02578182C349}.Ad-Hoc|Any CPU.ActiveCfg = Release|Any CPU
		{E1744406-1BA2-4B36-A834-02578182C349}.Ad-Hoc|Any CPU.Build.0 = Release|Any CPU
		{E1744406-1BA2-4B36-A834-02578182C349}.Ad-Hoc|ARM.ActiveCfg = Release|Any CPU
		{E1744406-1BA2-4B36-A834-02578182C349}.Ad-Hoc|ARM.Build.0 = Release|Any CPU
		{E1744406-1BA2-4B36-A834-02578182C349}.Ad-Hoc|iPhone.ActiveCfg = Release|Any CPU
		{E1744406-1BA2-4B36-A834-02578182C349}.Ad-Hoc|iPhone.Build.0 = Release|Any CPU
		{E1744406-1BA2-4B36-A834-02578182C349}.Ad-Hoc|iPhoneSimulator.ActiveCfg = Release|Any CPU
		{E1744406-1BA2-4B36-A834-02578182C349}.Ad-Hoc|iPhoneSimulator.Build.0 = Release|Any CPU
		{E1744406-1BA2-4B36-A834-02578182C349}.Ad-Hoc|x64.ActiveCfg = Release|Any CPU
		{E1744406-1BA2-4B36-A834-02578182C349}.Ad-Hoc|x64.Build.0 = Release|Any CPU
		{E1744406-1BA2-4B36-A834-02578182C349}.Ad-Hoc|x86.ActiveCfg = Release|Any CPU
		{E1744406-1BA2-4B36-A834-02578182C349}.Ad-Hoc|x86.Build.0 = Release|Any CPU
		{E1744406-1BA2-4B36-A834-02578182C349}.AppStore|Any CPU.ActiveCfg = Release|Any CPU
		{E1744406-1BA2-4B36-A834-02578182C349}.AppStore|Any CPU.Build.0 = Release|Any CPU
		{E1744406-1BA2-4B36-A834-02578182C349}.AppStore|ARM.ActiveCfg = Release|Any CPU
		{E1744406-1BA2-4B36-A834-02578182C349}.AppStore|ARM.Build.0 = Release|Any CPU
		{E1744406-1BA2-4B36-A834-02578182C349}.AppStore|iPhone.ActiveCfg = Release|Any CPU
		{E1744406-1BA2-4B36-A834-02578182C349}.AppStore|iPhone.Build.0 = Release|Any CPU
		{E1744406-1BA2-4B36-A834-02578182C349}.AppStore|iPhoneSimulator.ActiveCfg = Release|Any CPU
		{E1744406-1BA2-4B36-A834-02578182C349}.AppStore|iPhoneSimulator.Build.0 = Release|Any CPU
		{E1744406-1BA2-4B36-A834-02578182C349}.AppStore|x64.ActiveCfg = Release|Any CPU
		{E1744406-1BA2-4B36-A834-02578182C349}.AppStore|x64.Build.0 = Release|Any CPU
		{E1744406-1BA2-4B36-A834-02578182C349}.AppStore|x86.ActiveCfg = Release|Any CPU
		{E1744406-1BA2-4B36-A834-02578182C349}.AppStore|x86.Build.0 = Release|Any CPU
		{E1744406-1BA2-4B36-A834-02578182C349}.Debug|Any CPU.ActiveCfg = Debug|Any CPU
		{E1744406-1BA2-4B36-A834-02578182C349}.Debug|Any CPU.Build.0 = Debug|Any CPU
		{E1744406-1BA2-4B36-A834-02578182C349}.Debug|ARM.ActiveCfg = Debug|Any CPU
		{E1744406-1BA2-4B36-A834-02578182C349}.Debug|ARM.Build.0 = Debug|Any CPU
		{E1744406-1BA2-4B36-A834-02578182C349}.Debug|iPhone.ActiveCfg = Debug|Any CPU
		{E1744406-1BA2-4B36-A834-02578182C349}.Debug|iPhone.Build.0 = Debug|Any CPU
		{E1744406-1BA2-4B36-A834-02578182C349}.Debug|iPhoneSimulator.ActiveCfg = Debug|Any CPU
		{E1744406-1BA2-4B36-A834-02578182C349}.Debug|iPhoneSimulator.Build.0 = Debug|Any CPU
		{E1744406-1BA2-4B36-A834-02578182C349}.Debug|x64.ActiveCfg = Debug|Any CPU
		{E1744406-1BA2-4B36-A834-02578182C349}.Debug|x64.Build.0 = Debug|Any CPU
		{E1744406-1BA2-4B36-A834-02578182C349}.Debug|x86.ActiveCfg = Debug|Any CPU
		{E1744406-1BA2-4B36-A834-02578182C349}.Debug|x86.Build.0 = Debug|Any CPU
		{E1744406-1BA2-4B36-A834-02578182C349}.Release|Any CPU.ActiveCfg = Release|Any CPU
		{E1744406-1BA2-4B36-A834-02578182C349}.Release|Any CPU.Build.0 = Release|Any CPU
		{E1744406-1BA2-4B36-A834-02578182C349}.Release|ARM.ActiveCfg = Release|Any CPU
		{E1744406-1BA2-4B36-A834-02578182C349}.Release|ARM.Build.0 = Release|Any CPU
		{E1744406-1BA2-4B36-A834-02578182C349}.Release|iPhone.ActiveCfg = Release|Any CPU
		{E1744406-1BA2-4B36-A834-02578182C349}.Release|iPhone.Build.0 = Release|Any CPU
		{E1744406-1BA2-4B36-A834-02578182C349}.Release|iPhoneSimulator.ActiveCfg = Release|Any CPU
		{E1744406-1BA2-4B36-A834-02578182C349}.Release|iPhoneSimulator.Build.0 = Release|Any CPU
		{E1744406-1BA2-4B36-A834-02578182C349}.Release|x64.ActiveCfg = Release|Any CPU
		{E1744406-1BA2-4B36-A834-02578182C349}.Release|x64.Build.0 = Release|Any CPU
		{E1744406-1BA2-4B36-A834-02578182C349}.Release|x86.ActiveCfg = Release|Any CPU
		{E1744406-1BA2-4B36-A834-02578182C349}.Release|x86.Build.0 = Release|Any CPU
		{4DC01671-BD39-4B4C-9CCE-4E5ECBBF3373}.Ad-Hoc|Any CPU.ActiveCfg = Release|x86
		{4DC01671-BD39-4B4C-9CCE-4E5ECBBF3373}.Ad-Hoc|Any CPU.Build.0 = Release|x86
		{4DC01671-BD39-4B4C-9CCE-4E5ECBBF3373}.Ad-Hoc|Any CPU.Deploy.0 = Release|x86
		{4DC01671-BD39-4B4C-9CCE-4E5ECBBF3373}.Ad-Hoc|ARM.ActiveCfg = Release|ARM
		{4DC01671-BD39-4B4C-9CCE-4E5ECBBF3373}.Ad-Hoc|ARM.Build.0 = Release|ARM
		{4DC01671-BD39-4B4C-9CCE-4E5ECBBF3373}.Ad-Hoc|ARM.Deploy.0 = Release|ARM
		{4DC01671-BD39-4B4C-9CCE-4E5ECBBF3373}.Ad-Hoc|iPhone.ActiveCfg = Release|x86
		{4DC01671-BD39-4B4C-9CCE-4E5ECBBF3373}.Ad-Hoc|iPhone.Build.0 = Release|x86
		{4DC01671-BD39-4B4C-9CCE-4E5ECBBF3373}.Ad-Hoc|iPhone.Deploy.0 = Release|x86
		{4DC01671-BD39-4B4C-9CCE-4E5ECBBF3373}.Ad-Hoc|iPhoneSimulator.ActiveCfg = Release|x86
		{4DC01671-BD39-4B4C-9CCE-4E5ECBBF3373}.Ad-Hoc|iPhoneSimulator.Build.0 = Release|x86
		{4DC01671-BD39-4B4C-9CCE-4E5ECBBF3373}.Ad-Hoc|iPhoneSimulator.Deploy.0 = Release|x86
		{4DC01671-BD39-4B4C-9CCE-4E5ECBBF3373}.Ad-Hoc|x64.ActiveCfg = Release|x64
		{4DC01671-BD39-4B4C-9CCE-4E5ECBBF3373}.Ad-Hoc|x64.Build.0 = Release|x64
		{4DC01671-BD39-4B4C-9CCE-4E5ECBBF3373}.Ad-Hoc|x64.Deploy.0 = Release|x64
		{4DC01671-BD39-4B4C-9CCE-4E5ECBBF3373}.Ad-Hoc|x86.ActiveCfg = Release|x86
		{4DC01671-BD39-4B4C-9CCE-4E5ECBBF3373}.Ad-Hoc|x86.Build.0 = Release|x86
		{4DC01671-BD39-4B4C-9CCE-4E5ECBBF3373}.Ad-Hoc|x86.Deploy.0 = Release|x86
		{4DC01671-BD39-4B4C-9CCE-4E5ECBBF3373}.AppStore|Any CPU.ActiveCfg = Release|x86
		{4DC01671-BD39-4B4C-9CCE-4E5ECBBF3373}.AppStore|Any CPU.Build.0 = Release|x86
		{4DC01671-BD39-4B4C-9CCE-4E5ECBBF3373}.AppStore|Any CPU.Deploy.0 = Release|x86
		{4DC01671-BD39-4B4C-9CCE-4E5ECBBF3373}.AppStore|ARM.ActiveCfg = Release|ARM
		{4DC01671-BD39-4B4C-9CCE-4E5ECBBF3373}.AppStore|ARM.Build.0 = Release|ARM
		{4DC01671-BD39-4B4C-9CCE-4E5ECBBF3373}.AppStore|ARM.Deploy.0 = Release|ARM
		{4DC01671-BD39-4B4C-9CCE-4E5ECBBF3373}.AppStore|iPhone.ActiveCfg = Release|x86
		{4DC01671-BD39-4B4C-9CCE-4E5ECBBF3373}.AppStore|iPhone.Build.0 = Release|x86
		{4DC01671-BD39-4B4C-9CCE-4E5ECBBF3373}.AppStore|iPhone.Deploy.0 = Release|x86
		{4DC01671-BD39-4B4C-9CCE-4E5ECBBF3373}.AppStore|iPhoneSimulator.ActiveCfg = Release|x86
		{4DC01671-BD39-4B4C-9CCE-4E5ECBBF3373}.AppStore|iPhoneSimulator.Build.0 = Release|x86
		{4DC01671-BD39-4B4C-9CCE-4E5ECBBF3373}.AppStore|iPhoneSimulator.Deploy.0 = Release|x86
		{4DC01671-BD39-4B4C-9CCE-4E5ECBBF3373}.AppStore|x64.ActiveCfg = Release|x64
		{4DC01671-BD39-4B4C-9CCE-4E5ECBBF3373}.AppStore|x64.Build.0 = Release|x64
		{4DC01671-BD39-4B4C-9CCE-4E5ECBBF3373}.AppStore|x64.Deploy.0 = Release|x64
		{4DC01671-BD39-4B4C-9CCE-4E5ECBBF3373}.AppStore|x86.ActiveCfg = Release|x86
		{4DC01671-BD39-4B4C-9CCE-4E5ECBBF3373}.AppStore|x86.Build.0 = Release|x86
		{4DC01671-BD39-4B4C-9CCE-4E5ECBBF3373}.AppStore|x86.Deploy.0 = Release|x86
		{4DC01671-BD39-4B4C-9CCE-4E5ECBBF3373}.Debug|Any CPU.ActiveCfg = Debug|x86
		{4DC01671-BD39-4B4C-9CCE-4E5ECBBF3373}.Debug|Any CPU.Build.0 = Debug|x86
		{4DC01671-BD39-4B4C-9CCE-4E5ECBBF3373}.Debug|Any CPU.Deploy.0 = Debug|x86
		{4DC01671-BD39-4B4C-9CCE-4E5ECBBF3373}.Debug|ARM.ActiveCfg = Debug|ARM
		{4DC01671-BD39-4B4C-9CCE-4E5ECBBF3373}.Debug|ARM.Build.0 = Debug|ARM
		{4DC01671-BD39-4B4C-9CCE-4E5ECBBF3373}.Debug|ARM.Deploy.0 = Debug|ARM
		{4DC01671-BD39-4B4C-9CCE-4E5ECBBF3373}.Debug|iPhone.ActiveCfg = Debug|x86
		{4DC01671-BD39-4B4C-9CCE-4E5ECBBF3373}.Debug|iPhoneSimulator.ActiveCfg = Debug|x86
		{4DC01671-BD39-4B4C-9CCE-4E5ECBBF3373}.Debug|x64.ActiveCfg = Debug|x64
		{4DC01671-BD39-4B4C-9CCE-4E5ECBBF3373}.Debug|x64.Build.0 = Debug|x64
		{4DC01671-BD39-4B4C-9CCE-4E5ECBBF3373}.Debug|x64.Deploy.0 = Debug|x64
		{4DC01671-BD39-4B4C-9CCE-4E5ECBBF3373}.Debug|x86.ActiveCfg = Debug|x86
		{4DC01671-BD39-4B4C-9CCE-4E5ECBBF3373}.Debug|x86.Build.0 = Debug|x86
		{4DC01671-BD39-4B4C-9CCE-4E5ECBBF3373}.Debug|x86.Deploy.0 = Debug|x86
		{4DC01671-BD39-4B4C-9CCE-4E5ECBBF3373}.Release|Any CPU.ActiveCfg = Release|x86
		{4DC01671-BD39-4B4C-9CCE-4E5ECBBF3373}.Release|ARM.ActiveCfg = Release|ARM
		{4DC01671-BD39-4B4C-9CCE-4E5ECBBF3373}.Release|ARM.Build.0 = Release|ARM
		{4DC01671-BD39-4B4C-9CCE-4E5ECBBF3373}.Release|ARM.Deploy.0 = Release|ARM
		{4DC01671-BD39-4B4C-9CCE-4E5ECBBF3373}.Release|iPhone.ActiveCfg = Release|x86
		{4DC01671-BD39-4B4C-9CCE-4E5ECBBF3373}.Release|iPhoneSimulator.ActiveCfg = Release|x86
		{4DC01671-BD39-4B4C-9CCE-4E5ECBBF3373}.Release|x64.ActiveCfg = Release|x64
		{4DC01671-BD39-4B4C-9CCE-4E5ECBBF3373}.Release|x64.Build.0 = Release|x64
		{4DC01671-BD39-4B4C-9CCE-4E5ECBBF3373}.Release|x64.Deploy.0 = Release|x64
		{4DC01671-BD39-4B4C-9CCE-4E5ECBBF3373}.Release|x86.ActiveCfg = Release|x86
		{4DC01671-BD39-4B4C-9CCE-4E5ECBBF3373}.Release|x86.Build.0 = Release|x86
		{4DC01671-BD39-4B4C-9CCE-4E5ECBBF3373}.Release|x86.Deploy.0 = Release|x86
		{3D685298-E1E8-43A4-B1D1-423BE6228A0F}.Ad-Hoc|Any CPU.ActiveCfg = Ad-Hoc|iPhone
		{3D685298-E1E8-43A4-B1D1-423BE6228A0F}.Ad-Hoc|ARM.ActiveCfg = Ad-Hoc|iPhone
		{3D685298-E1E8-43A4-B1D1-423BE6228A0F}.Ad-Hoc|iPhone.ActiveCfg = Ad-Hoc|iPhone
		{3D685298-E1E8-43A4-B1D1-423BE6228A0F}.Ad-Hoc|iPhone.Build.0 = Ad-Hoc|iPhone
		{3D685298-E1E8-43A4-B1D1-423BE6228A0F}.Ad-Hoc|iPhoneSimulator.ActiveCfg = Ad-Hoc|iPhoneSimulator
		{3D685298-E1E8-43A4-B1D1-423BE6228A0F}.Ad-Hoc|iPhoneSimulator.Build.0 = Ad-Hoc|iPhoneSimulator
		{3D685298-E1E8-43A4-B1D1-423BE6228A0F}.Ad-Hoc|x64.ActiveCfg = Ad-Hoc|iPhone
		{3D685298-E1E8-43A4-B1D1-423BE6228A0F}.Ad-Hoc|x86.ActiveCfg = Ad-Hoc|iPhone
		{3D685298-E1E8-43A4-B1D1-423BE6228A0F}.AppStore|Any CPU.ActiveCfg = AppStore|iPhone
		{3D685298-E1E8-43A4-B1D1-423BE6228A0F}.AppStore|ARM.ActiveCfg = AppStore|iPhone
		{3D685298-E1E8-43A4-B1D1-423BE6228A0F}.AppStore|iPhone.ActiveCfg = AppStore|iPhone
		{3D685298-E1E8-43A4-B1D1-423BE6228A0F}.AppStore|iPhone.Build.0 = AppStore|iPhone
		{3D685298-E1E8-43A4-B1D1-423BE6228A0F}.AppStore|iPhoneSimulator.ActiveCfg = AppStore|iPhoneSimulator
		{3D685298-E1E8-43A4-B1D1-423BE6228A0F}.AppStore|iPhoneSimulator.Build.0 = AppStore|iPhoneSimulator
		{3D685298-E1E8-43A4-B1D1-423BE6228A0F}.AppStore|x64.ActiveCfg = AppStore|iPhone
		{3D685298-E1E8-43A4-B1D1-423BE6228A0F}.AppStore|x86.ActiveCfg = AppStore|iPhone
		{3D685298-E1E8-43A4-B1D1-423BE6228A0F}.Debug|Any CPU.ActiveCfg = Debug|iPhone
		{3D685298-E1E8-43A4-B1D1-423BE6228A0F}.Debug|Any CPU.Build.0 = Debug|iPhone
		{3D685298-E1E8-43A4-B1D1-423BE6228A0F}.Debug|ARM.ActiveCfg = Debug|iPhone
		{3D685298-E1E8-43A4-B1D1-423BE6228A0F}.Debug|iPhone.ActiveCfg = Debug|iPhone
		{3D685298-E1E8-43A4-B1D1-423BE6228A0F}.Debug|iPhone.Build.0 = Debug|iPhone
		{3D685298-E1E8-43A4-B1D1-423BE6228A0F}.Debug|iPhoneSimulator.ActiveCfg = Debug|iPhoneSimulator
		{3D685298-E1E8-43A4-B1D1-423BE6228A0F}.Debug|iPhoneSimulator.Build.0 = Debug|iPhoneSimulator
		{3D685298-E1E8-43A4-B1D1-423BE6228A0F}.Debug|x64.ActiveCfg = Debug|iPhone
		{3D685298-E1E8-43A4-B1D1-423BE6228A0F}.Debug|x86.ActiveCfg = Debug|iPhone
		{3D685298-E1E8-43A4-B1D1-423BE6228A0F}.Release|Any CPU.ActiveCfg = Release|iPhone
		{3D685298-E1E8-43A4-B1D1-423BE6228A0F}.Release|ARM.ActiveCfg = Release|iPhone
		{3D685298-E1E8-43A4-B1D1-423BE6228A0F}.Release|iPhone.ActiveCfg = Release|iPhone
		{3D685298-E1E8-43A4-B1D1-423BE6228A0F}.Release|iPhone.Build.0 = Release|iPhone
		{3D685298-E1E8-43A4-B1D1-423BE6228A0F}.Release|iPhoneSimulator.ActiveCfg = Release|iPhoneSimulator
		{3D685298-E1E8-43A4-B1D1-423BE6228A0F}.Release|iPhoneSimulator.Build.0 = Release|iPhoneSimulator
		{3D685298-E1E8-43A4-B1D1-423BE6228A0F}.Release|x64.ActiveCfg = Release|iPhone
		{3D685298-E1E8-43A4-B1D1-423BE6228A0F}.Release|x86.ActiveCfg = Release|iPhone
	EndGlobalSection
	GlobalSection(SolutionProperties) = preSolution
		HideSolutionNode = FALSE
	EndGlobalSection
EndGlobal
